
Microsoft Visual Studio Solution File, Format Version 12.00
# Visual Studio Version 16
VisualStudioVersion = 16.0.29806.167
MinimumVisualStudioVersion = 10.0.40219.1
Project("{FAE04EC0-301F-11D3-BF4B-00C04F79EFBC}") = "Middleware", "Middleware.csproj", "{0D03B1B6-7AE7-4141-AE55-92E74C95C73E}"
EndProject
Global
	GlobalSection(SolutionConfigurationPlatforms) = preSolution
		Debug|Any CPU = Debug|Any CPU
		Release|Any CPU = Release|Any CPU
	EndGlobalSection
	GlobalSection(ProjectConfigurationPlatforms) = postSolution
		{0D03B1B6-7AE7-4141-AE55-92E74C95C73E}.Debug|Any CPU.ActiveCfg = Debug|Any CPU
		{0D03B1B6-7AE7-4141-AE55-92E74C95C73E}.Debug|Any CPU.Build.0 = Debug|Any CPU
		{0D03B1B6-7AE7-4141-AE55-92E74C95C73E}.Release|Any CPU.ActiveCfg = Release|Any CPU
		{0D03B1B6-7AE7-4141-AE55-92E74C95C73E}.Release|Any CPU.Build.0 = Release|Any CPU
	EndGlobalSection
	GlobalSection(SolutionProperties) = preSolution
		HideSolutionNode = FALSE
	EndGlobalSection
	GlobalSection(ExtensibilityGlobals) = postSolution
		SolutionGuid = {EAF893DA-36A9-4F32-B27B-05F72C6B8E38}
	EndGlobalSection
EndGlobal
